
Microsoft Visual Studio Solution File, Format Version 12.00
# Visual Studio Version 17
VisualStudioVersion = 17.7.34024.191
MinimumVisualStudioVersion = 10.0.40219.1
Project("{FAE04EC0-301F-11D3-BF4B-00C04F79EFBC}") = "MyFirstProgram", "MyFirstProgram.csproj", "{53A8A504-41CE-4DC6-8C92-1CDAEFD91962}"
EndProject
Global
	GlobalSection(SolutionConfigurationPlatforms) = preSolution
		Debug|Any CPU = Debug|Any CPU
		Release|Any CPU = Release|Any CPU
	EndGlobalSection
	GlobalSection(ProjectConfigurationPlatforms) = postSolution
		{53A8A504-41CE-4DC6-8C92-1CDAEFD91962}.Debug|Any CPU.ActiveCfg = Debug|Any CPU
		{53A8A504-41CE-4DC6-8C92-1CDAEFD91962}.Debug|Any CPU.Build.0 = Debug|Any CPU
		{53A8A504-41CE-4DC6-8C92-1CDAEFD91962}.Release|Any CPU.ActiveCfg = Release|Any CPU
		{53A8A504-41CE-4DC6-8C92-1CDAEFD91962}.Release|Any CPU.Build.0 = Release|Any CPU
	EndGlobalSection
	GlobalSection(SolutionProperties) = preSolution
		HideSolutionNode = FALSE
	EndGlobalSection
	GlobalSection(ExtensibilityGlobals) = postSolution
		SolutionGuid = {CCE5AE26-0C7B-4960-B7B8-A8896FD122DE}
	EndGlobalSection
EndGlobal
